// !$*UTF8*$!
{
	archiveVersion = 1;
	classes = {
	};
	objectVersion = 55;
	objects = {

/* Begin PBXBuildFile section */
		C55C5A9DDCE33912135BC658 /* Pods_ToDo.framework in Frameworks */ = {isa = PBXBuildFile; fileRef = 883B1527669C78FD3807FDA7 /* Pods_ToDo.framework */; };
		FA12CEBB281C4AD0003D2F66 /* Task.swift in Sources */ = {isa = PBXBuildFile; fileRef = FA12CEBA281C4AD0003D2F66 /* Task.swift */; };
		FA12CEBD281C4AD9003D2F66 /* TaskList.swift in Sources */ = {isa = PBXBuildFile; fileRef = FA12CEBC281C4AD9003D2F66 /* TaskList.swift */; };
		FA12CEBF281C4C4B003D2F66 /* StorageManager.swift in Sources */ = {isa = PBXBuildFile; fileRef = FA12CEBE281C4C4B003D2F66 /* StorageManager.swift */; };
		FA12CEC3281C7040003D2F66 /* TasksTableVC.swift in Sources */ = {isa = PBXBuildFile; fileRef = FA12CEC2281C7040003D2F66 /* TasksTableVC.swift */; };
		FA2A1AC4281AFE9C000590B9 /* TasksListTableViewCell.swift in Sources */ = {isa = PBXBuildFile; fileRef = FA2A1AC3281AFE9C000590B9 /* TasksListTableViewCell.swift */; };
		FA338E14281759BC00C2F4A9 /* AppDelegate.swift in Sources */ = {isa = PBXBuildFile; fileRef = FA338E13281759BC00C2F4A9 /* AppDelegate.swift */; };
		FA338E16281759BC00C2F4A9 /* SceneDelegate.swift in Sources */ = {isa = PBXBuildFile; fileRef = FA338E15281759BC00C2F4A9 /* SceneDelegate.swift */; };
		FA338E18281759BC00C2F4A9 /* TasksListTableVC.swift in Sources */ = {isa = PBXBuildFile; fileRef = FA338E17281759BC00C2F4A9 /* TasksListTableVC.swift */; };
		FA338E1B281759BC00C2F4A9 /* Main.storyboard in Resources */ = {isa = PBXBuildFile; fileRef = FA338E19281759BC00C2F4A9 /* Main.storyboard */; };
		FA338E1E281759BC00C2F4A9 /* ToDo.xcdatamodeld in Sources */ = {isa = PBXBuildFile; fileRef = FA338E1C281759BC00C2F4A9 /* ToDo.xcdatamodeld */; };
		FA338E20281759BD00C2F4A9 /* Assets.xcassets in Resources */ = {isa = PBXBuildFile; fileRef = FA338E1F281759BD00C2F4A9 /* Assets.xcassets */; };
		FA338E23281759BD00C2F4A9 /* LaunchScreen.storyboard in Resources */ = {isa = PBXBuildFile; fileRef = FA338E21281759BD00C2F4A9 /* LaunchScreen.storyboard */; };
/* End PBXBuildFile section */

/* Begin PBXFileReference section */
		883B1527669C78FD3807FDA7 /* Pods_ToDo.framework */ = {isa = PBXFileReference; explicitFileType = wrapper.framework; includeInIndex = 0; path = Pods_ToDo.framework; sourceTree = BUILT_PRODUCTS_DIR; };
		8B7ED6C267F27FF5C16A500B /* Pods-ToDo.debug.xcconfig */ = {isa = PBXFileReference; includeInIndex = 1; lastKnownFileType = text.xcconfig; name = "Pods-ToDo.debug.xcconfig"; path = "Target Support Files/Pods-ToDo/Pods-ToDo.debug.xcconfig"; sourceTree = "<group>"; };
		C090563B9304352BF6363361 /* Pods-ToDo.release.xcconfig */ = {isa = PBXFileReference; includeInIndex = 1; lastKnownFileType = text.xcconfig; name = "Pods-ToDo.release.xcconfig"; path = "Target Support Files/Pods-ToDo/Pods-ToDo.release.xcconfig"; sourceTree = "<group>"; };
		FA12CEBA281C4AD0003D2F66 /* Task.swift */ = {isa = PBXFileReference; lastKnownFileType = sourcecode.swift; path = Task.swift; sourceTree = "<group>"; };
		FA12CEBC281C4AD9003D2F66 /* TaskList.swift */ = {isa = PBXFileReference; lastKnownFileType = sourcecode.swift; path = TaskList.swift; sourceTree = "<group>"; };
		FA12CEBE281C4C4B003D2F66 /* StorageManager.swift */ = {isa = PBXFileReference; lastKnownFileType = sourcecode.swift; path = StorageManager.swift; sourceTree = "<group>"; };
		FA12CEC2281C7040003D2F66 /* TasksTableVC.swift */ = {isa = PBXFileReference; lastKnownFileType = sourcecode.swift; path = TasksTableVC.swift; sourceTree = "<group>"; };
		FA2A1AC3281AFE9C000590B9 /* TasksListTableViewCell.swift */ = {isa = PBXFileReference; lastKnownFileType = sourcecode.swift; path = TasksListTableViewCell.swift; sourceTree = "<group>"; };
		FA338E10281759BC00C2F4A9 /* ToDo.app */ = {isa = PBXFileReference; explicitFileType = wrapper.application; includeInIndex = 0; path = ToDo.app; sourceTree = BUILT_PRODUCTS_DIR; };
		FA338E13281759BC00C2F4A9 /* AppDelegate.swift */ = {isa = PBXFileReference; lastKnownFileType = sourcecode.swift; path = AppDelegate.swift; sourceTree = "<group>"; };
		FA338E15281759BC00C2F4A9 /* SceneDelegate.swift */ = {isa = PBXFileReference; lastKnownFileType = sourcecode.swift; path = SceneDelegate.swift; sourceTree = "<group>"; };
		FA338E17281759BC00C2F4A9 /* TasksListTableVC.swift */ = {isa = PBXFileReference; lastKnownFileType = sourcecode.swift; path = TasksListTableVC.swift; sourceTree = "<group>"; };
		FA338E1A281759BC00C2F4A9 /* Base */ = {isa = PBXFileReference; lastKnownFileType = file.storyboard; name = Base; path = Base.lproj/Main.storyboard; sourceTree = "<group>"; };
		FA338E1D281759BC00C2F4A9 /* ToDo.xcdatamodel */ = {isa = PBXFileReference; lastKnownFileType = wrapper.xcdatamodel; path = ToDo.xcdatamodel; sourceTree = "<group>"; };
		FA338E1F281759BD00C2F4A9 /* Assets.xcassets */ = {isa = PBXFileReference; lastKnownFileType = folder.assetcatalog; path = Assets.xcassets; sourceTree = "<group>"; };
		FA338E22281759BD00C2F4A9 /* Base */ = {isa = PBXFileReference; lastKnownFileType = file.storyboard; name = Base; path = Base.lproj/LaunchScreen.storyboard; sourceTree = "<group>"; };
		FA338E24281759BD00C2F4A9 /* Info.plist */ = {isa = PBXFileReference; lastKnownFileType = text.plist.xml; path = Info.plist; sourceTree = "<group>"; };
/* End PBXFileReference section */

/* Begin PBXFrameworksBuildPhase section */
		FA338E0D281759BC00C2F4A9 /* Frameworks */ = {
			isa = PBXFrameworksBuildPhase;
			buildActionMask = 2147483647;
			files = (
				C55C5A9DDCE33912135BC658 /* Pods_ToDo.framework in Frameworks */,
			);
			runOnlyForDeploymentPostprocessing = 0;
		};
/* End PBXFrameworksBuildPhase section */

/* Begin PBXGroup section */
		44F1E96920AAB5485917EA59 /* Pods */ = {
			isa = PBXGroup;
			children = (
				8B7ED6C267F27FF5C16A500B /* Pods-ToDo.debug.xcconfig */,
				C090563B9304352BF6363361 /* Pods-ToDo.release.xcconfig */,
			);
			path = Pods;
			sourceTree = "<group>";
		};
		747FA1D4B40C097012BAB7E0 /* Frameworks */ = {
			isa = PBXGroup;
			children = (
				883B1527669C78FD3807FDA7 /* Pods_ToDo.framework */,
			);
			name = Frameworks;
			sourceTree = "<group>";
		};
		FA338E07281759BC00C2F4A9 = {
			isa = PBXGroup;
			children = (
				FA338E12281759BC00C2F4A9 /* ToDo */,
				FA338E11281759BC00C2F4A9 /* Products */,
				44F1E96920AAB5485917EA59 /* Pods */,
				747FA1D4B40C097012BAB7E0 /* Frameworks */,
			);
			sourceTree = "<group>";
		};
		FA338E11281759BC00C2F4A9 /* Products */ = {
			isa = PBXGroup;
			children = (
				FA338E10281759BC00C2F4A9 /* ToDo.app */,
			);
			name = Products;
			sourceTree = "<group>";
		};
		FA338E12281759BC00C2F4A9 /* ToDo */ = {
			isa = PBXGroup;
			children = (
				FAF1924A2822AF78003639C1 /* Model */,
				FAF192482822AF4F003639C1 /* View */,
				FAF192492822AF62003639C1 /* Controllers */,
				FAF1924B2822AF9B003639C1 /* Supporting files */,
				FA338E24281759BD00C2F4A9 /* Info.plist */,
			);
			path = ToDo;
			sourceTree = "<group>";
		};
		FAF192482822AF4F003639C1 /* View */ = {
			isa = PBXGroup;
			children = (
				FA2A1AC3281AFE9C000590B9 /* TasksListTableViewCell.swift */,
				FA338E19281759BC00C2F4A9 /* Main.storyboard */,
				FA338E1F281759BD00C2F4A9 /* Assets.xcassets */,
				FA338E21281759BD00C2F4A9 /* LaunchScreen.storyboard */,
			);
			path = View;
			sourceTree = "<group>";
		};
		FAF192492822AF62003639C1 /* Controllers */ = {
			isa = PBXGroup;
			children = (
				FA338E17281759BC00C2F4A9 /* TasksListTableVC.swift */,
				FA12CEC2281C7040003D2F66 /* TasksTableVC.swift */,
			);
			path = Controllers;
			sourceTree = "<group>";
		};
		FAF1924A2822AF78003639C1 /* Model */ = {
			isa = PBXGroup;
			children = (
				FA12CEBE281C4C4B003D2F66 /* StorageManager.swift */,
				FA12CEBA281C4AD0003D2F66 /* Task.swift */,
				FA12CEBC281C4AD9003D2F66 /* TaskList.swift */,
			);
			path = Model;
			sourceTree = "<group>";
		};
		FAF1924B2822AF9B003639C1 /* Supporting files */ = {
			isa = PBXGroup;
			children = (
				FA338E1C281759BC00C2F4A9 /* ToDo.xcdatamodeld */,
				FA338E13281759BC00C2F4A9 /* AppDelegate.swift */,
				FA338E15281759BC00C2F4A9 /* SceneDelegate.swift */,
			);
			path = "Supporting files";
			sourceTree = "<group>";
		};
/* End PBXGroup section */

/* Begin PBXNativeTarget section */
		FA338E0F281759BC00C2F4A9 /* ToDo */ = {
			isa = PBXNativeTarget;
			buildConfigurationList = FA338E27281759BD00C2F4A9 /* Build configuration list for PBXNativeTarget "ToDo" */;
			buildPhases = (
				3507A9D2E0994087577BBBF5 /* [CP] Check Pods Manifest.lock */,
				FA338E0C281759BC00C2F4A9 /* Sources */,
				FA338E0D281759BC00C2F4A9 /* Frameworks */,
				FA338E0E281759BC00C2F4A9 /* Resources */,
				A852D0C09AFE5780541C3E32 /* [CP] Embed Pods Frameworks */,
			);
			buildRules = (
			);
			dependencies = (
			);
			name = ToDo;
			productName = ToDo;
			productReference = FA338E10281759BC00C2F4A9 /* ToDo.app */;
			productType = "com.apple.product-type.application";
		};
/* End PBXNativeTarget section */

/* Begin PBXProject section */
		FA338E08281759BC00C2F4A9 /* Project object */ = {
			isa = PBXProject;
			attributes = {
				BuildIndependentTargetsInParallel = 1;
				LastSwiftUpdateCheck = 1330;
				LastUpgradeCheck = 1330;
				TargetAttributes = {
					FA338E0F281759BC00C2F4A9 = {
						CreatedOnToolsVersion = 13.3.1;
					};
				};
			};
			buildConfigurationList = FA338E0B281759BC00C2F4A9 /* Build configuration list for PBXProject "ToDo" */;
			compatibilityVersion = "Xcode 13.0";
			developmentRegion = en;
			hasScannedForEncodings = 0;
			knownRegions = (
				en,
				Base,
			);
			mainGroup = FA338E07281759BC00C2F4A9;
			productRefGroup = FA338E11281759BC00C2F4A9 /* Products */;
			projectDirPath = "";
			projectRoot = "";
			targets = (
				FA338E0F281759BC00C2F4A9 /* ToDo */,
			);
		};
/* End PBXProject section */

/* Begin PBXResourcesBuildPhase section */
		FA338E0E281759BC00C2F4A9 /* Resources */ = {
			isa = PBXResourcesBuildPhase;
			buildActionMask = 2147483647;
			files = (
				FA338E23281759BD00C2F4A9 /* LaunchScreen.storyboard in Resources */,
				FA338E20281759BD00C2F4A9 /* Assets.xcassets in Resources */,
				FA338E1B281759BC00C2F4A9 /* Main.storyboard in Resources */,
			);
			runOnlyForDeploymentPostprocessing = 0;
		};
/* End PBXResourcesBuildPhase section */

/* Begin PBXShellScriptBuildPhase section */
		3507A9D2E0994087577BBBF5 /* [CP] Check Pods Manifest.lock */ = {
			isa = PBXShellScriptBuildPhase;
			buildActionMask = 2147483647;
			files = (
			);
			inputFileListPaths = (
			);
			inputPaths = (
				"${PODS_PODFILE_DIR_PATH}/Podfile.lock",
				"${PODS_ROOT}/Manifest.lock",
			);
			name = "[CP] Check Pods Manifest.lock";
			outputFileListPaths = (
			);
			outputPaths = (
				"$(DERIVED_FILE_DIR)/Pods-ToDo-checkManifestLockResult.txt",
			);
			runOnlyForDeploymentPostprocessing = 0;
			shellPath = /bin/sh;
			shellScript = "diff \"${PODS_PODFILE_DIR_PATH}/Podfile.lock\" \"${PODS_ROOT}/Manifest.lock\" > /dev/null\nif [ $? != 0 ] ; then\n    # print error to STDERR\n    echo \"error: The sandbox is not in sync with the Podfile.lock. Run 'pod install' or update your CocoaPods installation.\" >&2\n    exit 1\nfi\n# This output is used by Xcode 'outputs' to avoid re-running this script phase.\necho \"SUCCESS\" > \"${SCRIPT_OUTPUT_FILE_0}\"\n";
			showEnvVarsInLog = 0;
		};
		A852D0C09AFE5780541C3E32 /* [CP] Embed Pods Frameworks */ = {
			isa = PBXShellScriptBuildPhase;
			buildActionMask = 2147483647;
			files = (
			);
			inputFileListPaths = (
				"${PODS_ROOT}/Target Support Files/Pods-ToDo/Pods-ToDo-frameworks-${CONFIGURATION}-input-files.xcfilelist",
			);
			name = "[CP] Embed Pods Frameworks";
			outputFileListPaths = (
				"${PODS_ROOT}/Target Support Files/Pods-ToDo/Pods-ToDo-frameworks-${CONFIGURATION}-output-files.xcfilelist",
			);
			runOnlyForDeploymentPostprocessing = 0;
			shellPath = /bin/sh;
			shellScript = "\"${PODS_ROOT}/Target Support Files/Pods-ToDo/Pods-ToDo-frameworks.sh\"\n";
			showEnvVarsInLog = 0;
		};
/* End PBXShellScriptBuildPhase section */

/* Begin PBXSourcesBuildPhase section */
		FA338E0C281759BC00C2F4A9 /* Sources */ = {
			isa = PBXSourcesBuildPhase;
			buildActionMask = 2147483647;
			files = (
				FA12CEBD281C4AD9003D2F66 /* TaskList.swift in Sources */,
				FA338E18281759BC00C2F4A9 /* TasksListTableVC.swift in Sources */,
				FA12CEBF281C4C4B003D2F66 /* StorageManager.swift in Sources */,
				FA338E14281759BC00C2F4A9 /* AppDelegate.swift in Sources */,
				FA2A1AC4281AFE9C000590B9 /* TasksListTableViewCell.swift in Sources */,
				FA12CEC3281C7040003D2F66 /* TasksTableVC.swift in Sources */,
				FA338E16281759BC00C2F4A9 /* SceneDelegate.swift in Sources */,
				FA12CEBB281C4AD0003D2F66 /* Task.swift in Sources */,
				FA338E1E281759BC00C2F4A9 /* ToDo.xcdatamodeld in Sources */,
			);
			runOnlyForDeploymentPostprocessing = 0;
		};
/* End PBXSourcesBuildPhase section */

/* Begin PBXVariantGroup section */
		FA338E19281759BC00C2F4A9 /* Main.storyboard */ = {
			isa = PBXVariantGroup;
			children = (
				FA338E1A281759BC00C2F4A9 /* Base */,
			);
			name = Main.storyboard;
			sourceTree = "<group>";
		};
		FA338E21281759BD00C2F4A9 /* LaunchScreen.storyboard */ = {
			isa = PBXVariantGroup;
			children = (
				FA338E22281759BD00C2F4A9 /* Base */,
			);
			name = LaunchScreen.storyboard;
			sourceTree = "<group>";
		};
/* End PBXVariantGroup section */

/* Begin XCBuildConfiguration section */
		FA338E25281759BD00C2F4A9 /* Debug */ = {
			isa = XCBuildConfiguration;
			buildSettings = {
				ALWAYS_SEARCH_USER_PATHS = NO;
				CLANG_ANALYZER_NONNULL = YES;
				CLANG_ANALYZER_NUMBER_OBJECT_CONVERSION = YES_AGGRESSIVE;
				CLANG_CXX_LANGUAGE_STANDARD = "gnu++17";
				CLANG_ENABLE_MODULES = YES;
				CLANG_ENABLE_OBJC_ARC = YES;
				CLANG_ENABLE_OBJC_WEAK = YES;
				CLANG_WARN_BLOCK_CAPTURE_AUTORELEASING = YES;
				CLANG_WARN_BOOL_CONVERSION = YES;
				CLANG_WARN_COMMA = YES;
				CLANG_WARN_CONSTANT_CONVERSION = YES;
				CLANG_WARN_DEPRECATED_OBJC_IMPLEMENTATIONS = YES;
				CLANG_WARN_DIRECT_OBJC_ISA_USAGE = YES_ERROR;
				CLANG_WARN_DOCUMENTATION_COMMENTS = YES;
				CLANG_WARN_EMPTY_BODY = YES;
				CLANG_WARN_ENUM_CONVERSION = YES;
				CLANG_WARN_INFINITE_RECURSION = YES;
				CLANG_WARN_INT_CONVERSION = YES;
				CLANG_WARN_NON_LITERAL_NULL_CONVERSION = YES;
				CLANG_WARN_OBJC_IMPLICIT_RETAIN_SELF = YES;
				CLANG_WARN_OBJC_LITERAL_CONVERSION = YES;
				CLANG_WARN_OBJC_ROOT_CLASS = YES_ERROR;
				CLANG_WARN_QUOTED_INCLUDE_IN_FRAMEWORK_HEADER = YES;
				CLANG_WARN_RANGE_LOOP_ANALYSIS = YES;
				CLANG_WARN_STRICT_PROTOTYPES = YES;
				CLANG_WARN_SUSPICIOUS_MOVE = YES;
				CLANG_WARN_UNGUARDED_AVAILABILITY = YES_AGGRESSIVE;
				CLANG_WARN_UNREACHABLE_CODE = YES;
				CLANG_WARN__DUPLICATE_METHOD_MATCH = YES;
				COPY_PHASE_STRIP = NO;
				DEBUG_INFORMATION_FORMAT = dwarf;
				ENABLE_STRICT_OBJC_MSGSEND = YES;
				ENABLE_TESTABILITY = YES;
				GCC_C_LANGUAGE_STANDARD = gnu11;
				GCC_DYNAMIC_NO_PIC = NO;
				GCC_NO_COMMON_BLOCKS = YES;
				GCC_OPTIMIZATION_LEVEL = 0;
				GCC_PREPROCESSOR_DEFINITIONS = (
					"DEBUG=1",
					"$(inherited)",
				);
				GCC_WARN_64_TO_32_BIT_CONVERSION = YES;
				GCC_WARN_ABOUT_RETURN_TYPE = YES_ERROR;
				GCC_WARN_UNDECLARED_SELECTOR = YES;
				GCC_WARN_UNINITIALIZED_AUTOS = YES_AGGRESSIVE;
				GCC_WARN_UNUSED_FUNCTION = YES;
				GCC_WARN_UNUSED_VARIABLE = YES;
				IPHONEOS_DEPLOYMENT_TARGET = 15.4;
				MTL_ENABLE_DEBUG_INFO = INCLUDE_SOURCE;
				MTL_FAST_MATH = YES;
				ONLY_ACTIVE_ARCH = YES;
				SDKROOT = iphoneos;
				SWIFT_ACTIVE_COMPILATION_CONDITIONS = DEBUG;
				SWIFT_OPTIMIZATION_LEVEL = "-Onone";
			};
			name = Debug;
		};
		FA338E26281759BD00C2F4A9 /* Release */ = {
			isa = XCBuildConfiguration;
			buildSettings = {
				ALWAYS_SEARCH_USER_PATHS = NO;
				CLANG_ANALYZER_NONNULL = YES;
				CLANG_ANALYZER_NUMBER_OBJECT_CONVERSION = YES_AGGRESSIVE;
				CLANG_CXX_LANGUAGE_STANDARD = "gnu++17";
				CLANG_ENABLE_MODULES = YES;
				CLANG_ENABLE_OBJC_ARC = YES;
				CLANG_ENABLE_OBJC_WEAK = YES;
				CLANG_WARN_BLOCK_CAPTURE_AUTORELEASING = YES;
				CLANG_WARN_BOOL_CONVERSION = YES;
				CLANG_WARN_COMMA = YES;
				CLANG_WARN_CONSTANT_CONVERSION = YES;
				CLANG_WARN_DEPRECATED_OBJC_IMPLEMENTATIONS = YES;
				CLANG_WARN_DIRECT_OBJC_ISA_USAGE = YES_ERROR;
				CLANG_WARN_DOCUMENTATION_COMMENTS = YES;
				CLANG_WARN_EMPTY_BODY = YES;
				CLANG_WARN_ENUM_CONVERSION = YES;
				CLANG_WARN_INFINITE_RECURSION = YES;
				CLANG_WARN_INT_CONVERSION = YES;
				CLANG_WARN_NON_LITERAL_NULL_CONVERSION = YES;
				CLANG_WARN_OBJC_IMPLICIT_RETAIN_SELF = YES;
				CLANG_WARN_OBJC_LITERAL_CONVERSION = YES;
				CLANG_WARN_OBJC_ROOT_CLASS = YES_ERROR;
				CLANG_WARN_QUOTED_INCLUDE_IN_FRAMEWORK_HEADER = YES;
				CLANG_WARN_RANGE_LOOP_ANALYSIS = YES;
				CLANG_WARN_STRICT_PROTOTYPES = YES;
				CLANG_WARN_SUSPICIOUS_MOVE = YES;
				CLANG_WARN_UNGUARDED_AVAILABILITY = YES_AGGRESSIVE;
				CLANG_WARN_UNREACHABLE_CODE = YES;
				CLANG_WARN__DUPLICATE_METHOD_MATCH = YES;
				COPY_PHASE_STRIP = NO;
				DEBUG_INFORMATION_FORMAT = "dwarf-with-dsym";
				ENABLE_NS_ASSERTIONS = NO;
				ENABLE_STRICT_OBJC_MSGSEND = YES;
				GCC_C_LANGUAGE_STANDARD = gnu11;
				GCC_NO_COMMON_BLOCKS = YES;
				GCC_WARN_64_TO_32_BIT_CONVERSION = YES;
				GCC_WARN_ABOUT_RETURN_TYPE = YES_ERROR;
				GCC_WARN_UNDECLARED_SELECTOR = YES;
				GCC_WARN_UNINITIALIZED_AUTOS = YES_AGGRESSIVE;
				GCC_WARN_UNUSED_FUNCTION = YES;
				GCC_WARN_UNUSED_VARIABLE = YES;
				IPHONEOS_DEPLOYMENT_TARGET = 15.4;
				MTL_ENABLE_DEBUG_INFO = NO;
				MTL_FAST_MATH = YES;
				SDKROOT = iphoneos;
				SWIFT_COMPILATION_MODE = wholemodule;
				SWIFT_OPTIMIZATION_LEVEL = "-O";
				VALIDATE_PRODUCT = YES;
			};
			name = Release;
		};
		FA338E28281759BD00C2F4A9 /* Debug */ = {
			isa = XCBuildConfiguration;
			baseConfigurationReference = 8B7ED6C267F27FF5C16A500B /* Pods-ToDo.debug.xcconfig */;
			buildSettings = {
				ASSETCATALOG_COMPILER_APPICON_NAME = AppIcon;
				ASSETCATALOG_COMPILER_GLOBAL_ACCENT_COLOR_NAME = AccentColor;
				CODE_SIGN_STYLE = Automatic;
				CURRENT_PROJECT_VERSION = 1;
				DEVELOPMENT_TEAM = 842TDBHB38;
				GENERATE_INFOPLIST_FILE = YES;
				INFOPLIST_FILE = ToDo/Info.plist;
				INFOPLIST_KEY_UIApplicationSupportsIndirectInputEvents = YES;
				INFOPLIST_KEY_UILaunchStoryboardName = LaunchScreen;
				INFOPLIST_KEY_UIMainStoryboardFile = Main;
				INFOPLIST_KEY_UISupportedInterfaceOrientations_iPad = "UIInterfaceOrientationPortrait UIInterfaceOrientationPortraitUpsideDown UIInterfaceOrientationLandscapeLeft UIInterfaceOrientationLandscapeRight";
				INFOPLIST_KEY_UISupportedInterfaceOrientations_iPhone = "UIInterfaceOrientationPortrait UIInterfaceOrientationLandscapeLeft UIInterfaceOrientationLandscapeRight";
				LD_RUNPATH_SEARCH_PATHS = (
					"$(inherited)",
					"@executable_path/Frameworks",
				);
				MARKETING_VERSION = 1.0;
				PRODUCT_BUNDLE_IDENTIFIER = karkatof.ToDo;
				PRODUCT_NAME = "$(TARGET_NAME)";
				SWIFT_EMIT_LOC_STRINGS = YES;
				SWIFT_VERSION = 5.0;
				TARGETED_DEVICE_FAMILY = "1,2";
			};
			name = Debug;
		};
		FA338E29281759BD00C2F4A9 /* Release */ = {
			isa = XCBuildConfiguration;
			baseConfigurationReference = C090563B9304352BF6363361 /* Pods-ToDo.release.xcconfig */;
			buildSettings = {
				ASSETCATALOG_COMPILER_APPICON_NAME = AppIcon;
				ASSETCATALOG_COMPILER_GLOBAL_ACCENT_COLOR_NAME = AccentColor;
				CODE_SIGN_STYLE = Automatic;
				CURRENT_PROJECT_VERSION = 1;
				DEVELOPMENT_TEAM = 842TDBHB38;
				GENERATE_INFOPLIST_FILE = YES;
				INFOPLIST_FILE = ToDo/Info.plist;
				INFOPLIST_KEY_UIApplicationSupportsIndirectInputEvents = YES;
				INFOPLIST_KEY_UILaunchStoryboardName = LaunchScreen;
				INFOPLIST_KEY_UIMainStoryboardFile = Main;
				INFOPLIST_KEY_UISupportedInterfaceOrientations_iPad = "UIInterfaceOrientationPortrait UIInterfaceOrientationPortraitUpsideDown UIInterfaceOrientationLandscapeLeft UIInterfaceOrientationLandscapeRight";
				INFOPLIST_KEY_UISupportedInterfaceOrientations_iPhone = "UIInterfaceOrientationPortrait UIInterfaceOrientationLandscapeLeft UIInterfaceOrientationLandscapeRight";
				LD_RUNPATH_SEARCH_PATHS = (
					"$(inherited)",
					"@executable_path/Frameworks",
				);
				MARKETING_VERSION = 1.0;
				PRODUCT_BUNDLE_IDENTIFIER = karkatof.ToDo;
				PRODUCT_NAME = "$(TARGET_NAME)";
				SWIFT_EMIT_LOC_STRINGS = YES;
				SWIFT_VERSION = 5.0;
				TARGETED_DEVICE_FAMILY = "1,2";
			};
			name = Release;
		};
/* End XCBuildConfiguration section */

/* Begin XCConfigurationList section */
		FA338E0B281759BC00C2F4A9 /* Build configuration list for PBXProject "ToDo" */ = {
			isa = XCConfigurationList;
			buildConfigurations = (
				FA338E25281759BD00C2F4A9 /* Debug */,
				FA338E26281759BD00C2F4A9 /* Release */,
			);
			defaultConfigurationIsVisible = 0;
			defaultConfigurationName = Release;
		};
		FA338E27281759BD00C2F4A9 /* Build configuration list for PBXNativeTarget "ToDo" */ = {
			isa = XCConfigurationList;
			buildConfigurations = (
				FA338E28281759BD00C2F4A9 /* Debug */,
				FA338E29281759BD00C2F4A9 /* Release */,
			);
			defaultConfigurationIsVisible = 0;
			defaultConfigurationName = Release;
		};
/* End XCConfigurationList section */

/* Begin XCVersionGroup section */
		FA338E1C281759BC00C2F4A9 /* ToDo.xcdatamodeld */ = {
			isa = XCVersionGroup;
			children = (
				FA338E1D281759BC00C2F4A9 /* ToDo.xcdatamodel */,
			);
			currentVersion = FA338E1D281759BC00C2F4A9 /* ToDo.xcdatamodel */;
			path = ToDo.xcdatamodeld;
			sourceTree = "<group>";
			versionGroupType = wrapper.xcdatamodel;
		};
/* End XCVersionGroup section */
	};
	rootObject = FA338E08281759BC00C2F4A9 /* Project object */;
}
